// !$*UTF8*$!
{
	archiveVersion = 1;
	classes = {
	};
	objectVersion = 77;
	objects = {

/* Begin PBXBuildFile section */
		10C08C86E0BAE112A7BACF4A /* AnchoredApp.swift in Sources */ = {isa = PBXBuildFile; fileRef = C1451F014A8ED741302C7CB6 /* AnchoredApp.swift */; };
		14333B9755EED7E63B660667 /* ProfileView.swift in Sources */ = {isa = PBXBuildFile; fileRef = CE64C5E095D883D04B7657BA /* ProfileView.swift */; };
		15461AF481F5BE19082DAAEF /* VerseRecommenderService.swift in Sources */ = {isa = PBXBuildFile; fileRef = 6739752B10AFD82DEFFA56F0 /* VerseRecommenderService.swift */; };
		18542867BFF53E172D3F8044 /* PreviewContainer.swift in Sources */ = {isa = PBXBuildFile; fileRef = FEA9042650188AAF65D802E2 /* PreviewContainer.swift */; };
		1959DC648F924FA1ADBABB48 /* TopicsView.swift in Sources */ = {isa = PBXBuildFile; fileRef = A1AC9B8179D1FD6D07FA41E6 /* TopicsView.swift */; };
		1A46E7BAE9A3E80BED1AB68E /* DailyVerses.swift in Sources */ = {isa = PBXBuildFile; fileRef = 1E91E12D7175575F13DF89ED /* DailyVerses.swift */; };
		234111C9CE4CCCE15FC999C7 /* TopicCatalog.swift in Sources */ = {isa = PBXBuildFile; fileRef = 0F8368DDDE8AC6CB57B4FA26 /* TopicCatalog.swift */; };
		2383E29671C7E647C822CB1A /* BibleNote.swift in Sources */ = {isa = PBXBuildFile; fileRef = 7D4CC7F6C5322CCF0ADF1FC0 /* BibleNote.swift */; };
		2387EBEA68C850192AEAB4B1 /* OnboardingView.swift in Sources */ = {isa = PBXBuildFile; fileRef = 97959C5345BCADCB111AC3E8 /* OnboardingView.swift */; };
		24534137222D973B1947D669 /* ScriptureReferenceParser.swift in Sources */ = {isa = PBXBuildFile; fileRef = D17B2F981BF8B13A2309334F /* ScriptureReferenceParser.swift */; };
		2841FA6FF9DE8DE1D43ADE1B /* TopicsCatalog+Generated.swift in Sources */ = {isa = PBXBuildFile; fileRef = 464B757DD1CDA9DD59DDDC86 /* TopicsCatalog+Generated.swift */; };
		342CD7D4E8590EBF1A7523E0 /* RootView.swift in Sources */ = {isa = PBXBuildFile; fileRef = 20E26343E9D5FE29F844365C /* RootView.swift */; };
		3A90212D03795866F7DB5EF0 /* VerseRecommenderSheet.swift in Sources */ = {isa = PBXBuildFile; fileRef = F11600209BB48BB5A5908B1A /* VerseRecommenderSheet.swift */; };
		439E928ADA8C92D3F5A0D300 /* TopicDetailView.swift in Sources */ = {isa = PBXBuildFile; fileRef = DBC5E75C95B74C4EED0F6399 /* TopicDetailView.swift */; };
		4941449352EF70BE8CB27305 /* AnchoredAppClipApp.swift in Sources */ = {isa = PBXBuildFile; fileRef = 6356903EDE920FA9E2303943 /* AnchoredAppClipApp.swift */; };
		53E4533F14DBC9C993A4BC7B /* HighlightColor.swift in Sources */ = {isa = PBXBuildFile; fileRef = EE13A6A074FC3A8D33460AEC /* HighlightColor.swift */; };
		5736123601750868398D9CEE /* BibleChapterListView.swift in Sources */ = {isa = PBXBuildFile; fileRef = E3144D570EE845C027DD64B3 /* BibleChapterListView.swift */; };
		5A1B75936A1C57FAB903EA3B /* ChapterQuizGenerator.swift in Sources */ = {isa = PBXBuildFile; fileRef = 7BCB086B30CD815EA7E9A786 /* ChapterQuizGenerator.swift */; };
		5A83316B57EFCD2440A405F4 /* AuthManager.swift in Sources */ = {isa = PBXBuildFile; fileRef = 20B46C9C3FFAC3DA556F0BD8 /* AuthManager.swift */; };
		5C8426DF496B302B1AC8D61E /* HomeView.swift in Sources */ = {isa = PBXBuildFile; fileRef = 7D3B8B1C8F7DEA3E6F6425A6 /* HomeView.swift */; };
		680E4468EE6801254D248C9B /* Newsreader.ttf in Resources */ = {isa = PBXBuildFile; fileRef = 338B1AFAEAA114F2D6433DBB /* Newsreader.ttf */; };
		69E56CBD3A200AC478890ECB /* Prayer.swift in Sources */ = {isa = PBXBuildFile; fileRef = 956F68618DF25CE46026DC1E /* Prayer.swift */; };
		6B7BAF85313D3A043FF5DEDC /* MainTabView.swift in Sources */ = {isa = PBXBuildFile; fileRef = B428A475C33BE710CF89437A /* MainTabView.swift */; };
		6E502CFA1D4136B896965046 /* NotificationService.swift in Sources */ = {isa = PBXBuildFile; fileRef = 766470C6E7822E84E92DB7E4 /* NotificationService.swift */; };
		6E547D7C9C478CE4FBAB4E46 /* BibleCatalog.swift in Sources */ = {isa = PBXBuildFile; fileRef = 0D07E2A116FF23CF54E6330E /* BibleCatalog.swift */; };
		77C0CC1E7ADB0DC210131224 /* DawnPrimitives.swift in Sources */ = {isa = PBXBuildFile; fileRef = 73E919DC4EA808C96C64E8A5 /* DawnPrimitives.swift */; };
		78C34E7E8222411D91FE5447 /* AnchoredTypography.swift in Sources */ = {isa = PBXBuildFile; fileRef = 0EB0627B30024E2C052762C4 /* AnchoredTypography.swift */; };
		7D3089495B39F674C7C08AA2 /* CloudKitDeduplicator.swift in Sources */ = {isa = PBXBuildFile; fileRef = 841CDC208944A69B46AD37DC /* CloudKitDeduplicator.swift */; };
		816BD8672F6DD2A48EFC6655 /* BibleView.swift in Sources */ = {isa = PBXBuildFile; fileRef = 28F326E6CBF4525D81B91304 /* BibleView.swift */; };
		89C28876DB8BF5F5AD51FD9B /* VerseNotificationScheduler.swift in Sources */ = {isa = PBXBuildFile; fileRef = 5397822A78200BBB2F79B66F /* VerseNotificationScheduler.swift */; };
		94516A0AB5176866A90E7FB8 /* BibleAPIService.swift in Sources */ = {isa = PBXBuildFile; fileRef = 274F214C2AB463915D0E7D6F /* BibleAPIService.swift */; };
		958AAEA2A8C2E2B55636F365 /* LessonView.swift in Sources */ = {isa = PBXBuildFile; fileRef = 88790F8A72D741C5EC5F4DC2 /* LessonView.swift */; };
		994AF26E470C48B3A3DFE8F2 /* PlaceholderView.swift in Sources */ = {isa = PBXBuildFile; fileRef = FDEBE15E0A4A48C41F749F30 /* PlaceholderView.swift */; };
		A3438E39F77BEAB70570AE57 /* Assets.xcassets in Resources */ = {isa = PBXBuildFile; fileRef = 383A83BA5E698698A82C081F /* Assets.xcassets */; };
		AA4C5159076D32D7151E1B17 /* AnchoredAppClip.app in Embed App Clips */ = {isa = PBXBuildFile; fileRef = 6CDFCE1592A2C8F3C68E4B45 /* AnchoredAppClip.app */; settings = {ATTRIBUTES = (CodeSignOnCopy, RemoveHeadersOnCopy, ); }; };
		AA59020373DAF4E4D0D29436 /* QuizQuestionCard.swift in Sources */ = {isa = PBXBuildFile; fileRef = 5DEDF00474B34921F53B058F /* QuizQuestionCard.swift */; };
		B1D59E346CDE2A5087FCE855 /* JournalView.swift in Sources */ = {isa = PBXBuildFile; fileRef = 7A6AFC7F615D6211806D4387 /* JournalView.swift */; };
		B3D2563856D485BDC27547F2 /* AnchoredColors.swift in Sources */ = {isa = PBXBuildFile; fileRef = A277EDC7815D469AAB95C504 /* AnchoredColors.swift */; };
		C3EF29019C02763EB0A7FBCB /* Outfit.ttf in Resources */ = {isa = PBXBuildFile; fileRef = D57BECEA27A3840289564A43 /* Outfit.ttf */; };
		CFCB5081B1F3A1FC715B0B92 /* AnchoredAppClipTests.swift in Sources */ = {isa = PBXBuildFile; fileRef = 5E32156343D1249A2B98F75B /* AnchoredAppClipTests.swift */; };
		D299BCAD1830CEC880288810 /* SavedVerse.swift in Sources */ = {isa = PBXBuildFile; fileRef = 9A7ACB09F9689E832E8411BA /* SavedVerse.swift */; };
		D43A6394873C0D6E59DD8AEC /* Assets.xcassets in Resources */ = {isa = PBXBuildFile; fileRef = 01211103994BEB3A418323F5 /* Assets.xcassets */; };
		D63DCF58CB94342B6E0FCA7B /* PremiumManager.swift in Sources */ = {isa = PBXBuildFile; fileRef = 9930557F66EC67AEFDA8979F /* PremiumManager.swift */; };
		DAAEEB360C8B8F4C5A18155F /* UserStreak.swift in Sources */ = {isa = PBXBuildFile; fileRef = 5958DC90DC0577E95423E1C8 /* UserStreak.swift */; };
		DF96626EFF7DB90E8856D679 /* Newsreader-Italic.ttf in Resources */ = {isa = PBXBuildFile; fileRef = 24CBFBE85939EC9DF89652B4 /* Newsreader-Italic.ttf */; };
		E023C93533453C2678475EAA /* ViewModifiers.swift in Sources */ = {isa = PBXBuildFile; fileRef = 3D165B2DEB577B275AF7177A /* ViewModifiers.swift */; };
		E99A6199DA560934F31954CF /* Achievements.swift in Sources */ = {isa = PBXBuildFile; fileRef = 8020D5C5C954A50E87DE651C /* Achievements.swift */; };
		EB25BBBC06F433407931589A /* FeelingMap.swift in Sources */ = {isa = PBXBuildFile; fileRef = 207731DEEFA152D199827A9A /* FeelingMap.swift */; };
		EBA98BBD35ABDC5998634FA8 /* AppearanceManager.swift in Sources */ = {isa = PBXBuildFile; fileRef = 22F46ABB4120D88B65E80E8B /* AppearanceManager.swift */; };
		ECE55D23B069C5477569B8BE /* StreakManager.swift in Sources */ = {isa = PBXBuildFile; fileRef = 5FCBABDA38DB3533D95D2467 /* StreakManager.swift */; };
		EEEC6326591A4125ADAE86AC /* LessonProgress.swift in Sources */ = {isa = PBXBuildFile; fileRef = 90C45A38C7C82FB54B65CB9F /* LessonProgress.swift */; };
		F7E00E8E59E95428BA6DD431 /* BiblePassageView.swift in Sources */ = {isa = PBXBuildFile; fileRef = 744C3646B6974E809595D202 /* BiblePassageView.swift */; };
		FE5D940CF0EC3EDE8D4A8723 /* UserSettings.swift in Sources */ = {isa = PBXBuildFile; fileRef = 26247B97567A457B1EE7A62D /* UserSettings.swift */; };
/* End PBXBuildFile section */

/* Begin PBXContainerItemProxy section */
		201274336DA437E748EE6055 /* PBXContainerItemProxy */ = {
			isa = PBXContainerItemProxy;
			containerPortal = FD84D49EF9D10B63AEDE9C76 /* Project object */;
			proxyType = 1;
			remoteGlobalIDString = CC1AF886093F145499B20A47;
			remoteInfo = AnchoredAppClip;
		};
		5D2FAC42AB5F24E39EE06C3C /* PBXContainerItemProxy */ = {
			isa = PBXContainerItemProxy;
			containerPortal = FD84D49EF9D10B63AEDE9C76 /* Project object */;
			proxyType = 1;
			remoteGlobalIDString = CC1AF886093F145499B20A47;
			remoteInfo = AnchoredAppClip;
		};
/* End PBXContainerItemProxy section */

/* Begin PBXCopyFilesBuildPhase section */
		BD838D7C26FB649EC386654C /* Embed App Clips */ = {
			isa = PBXCopyFilesBuildPhase;
			buildActionMask = 2147483647;
			dstPath = "$(CONTENTS_FOLDER_PATH)/AppClips";
			dstSubfolderSpec = 16;
			files = (
				AA4C5159076D32D7151E1B17 /* AnchoredAppClip.app in Embed App Clips */,
			);
			name = "Embed App Clips";
			runOnlyForDeploymentPostprocessing = 0;
		};
/* End PBXCopyFilesBuildPhase section */

/* Begin PBXFileReference section */
		01211103994BEB3A418323F5 /* Assets.xcassets */ = {isa = PBXFileReference; lastKnownFileType = folder.assetcatalog; path = Assets.xcassets; sourceTree = "<group>"; };
		066A5B1051D2A222D5AA0296 /* Anchored.app */ = {isa = PBXFileReference; includeInIndex = 0; lastKnownFileType = wrapper.application; path = Anchored.app; sourceTree = BUILT_PRODUCTS_DIR; };
		0D07E2A116FF23CF54E6330E /* BibleCatalog.swift */ = {isa = PBXFileReference; lastKnownFileType = sourcecode.swift; path = BibleCatalog.swift; sourceTree = "<group>"; };
		0EB0627B30024E2C052762C4 /* AnchoredTypography.swift */ = {isa = PBXFileReference; lastKnownFileType = sourcecode.swift; path = AnchoredTypography.swift; sourceTree = "<group>"; };
		0F8368DDDE8AC6CB57B4FA26 /* TopicCatalog.swift */ = {isa = PBXFileReference; lastKnownFileType = sourcecode.swift; path = TopicCatalog.swift; sourceTree = "<group>"; };
		1E91E12D7175575F13DF89ED /* DailyVerses.swift */ = {isa = PBXFileReference; lastKnownFileType = sourcecode.swift; path = DailyVerses.swift; sourceTree = "<group>"; };
		207731DEEFA152D199827A9A /* FeelingMap.swift */ = {isa = PBXFileReference; lastKnownFileType = sourcecode.swift; path = FeelingMap.swift; sourceTree = "<group>"; };
		20B46C9C3FFAC3DA556F0BD8 /* AuthManager.swift */ = {isa = PBXFileReference; lastKnownFileType = sourcecode.swift; path = AuthManager.swift; sourceTree = "<group>"; };
		20E26343E9D5FE29F844365C /* RootView.swift */ = {isa = PBXFileReference; lastKnownFileType = sourcecode.swift; path = RootView.swift; sourceTree = "<group>"; };
		22F46ABB4120D88B65E80E8B /* AppearanceManager.swift */ = {isa = PBXFileReference; lastKnownFileType = sourcecode.swift; path = AppearanceManager.swift; sourceTree = "<group>"; };
		24CBFBE85939EC9DF89652B4 /* Newsreader-Italic.ttf */ = {isa = PBXFileReference; lastKnownFileType = file; path = "Newsreader-Italic.ttf"; sourceTree = "<group>"; };
		26247B97567A457B1EE7A62D /* UserSettings.swift */ = {isa = PBXFileReference; lastKnownFileType = sourcecode.swift; path = UserSettings.swift; sourceTree = "<group>"; };
		274F214C2AB463915D0E7D6F /* BibleAPIService.swift */ = {isa = PBXFileReference; lastKnownFileType = sourcecode.swift; path = BibleAPIService.swift; sourceTree = "<group>"; };
		28F326E6CBF4525D81B91304 /* BibleView.swift */ = {isa = PBXFileReference; lastKnownFileType = sourcecode.swift; path = BibleView.swift; sourceTree = "<group>"; };
		338B1AFAEAA114F2D6433DBB /* Newsreader.ttf */ = {isa = PBXFileReference; lastKnownFileType = file; path = Newsreader.ttf; sourceTree = "<group>"; };
		383A83BA5E698698A82C081F /* Assets.xcassets */ = {isa = PBXFileReference; lastKnownFileType = folder.assetcatalog; path = Assets.xcassets; sourceTree = "<group>"; };
		3D165B2DEB577B275AF7177A /* ViewModifiers.swift */ = {isa = PBXFileReference; lastKnownFileType = sourcecode.swift; path = ViewModifiers.swift; sourceTree = "<group>"; };
		41543B7B136FABF997534D2B /* AnchoredAppClip.entitlements */ = {isa = PBXFileReference; lastKnownFileType = text.plist.entitlements; path = AnchoredAppClip.entitlements; sourceTree = "<group>"; };
		464B757DD1CDA9DD59DDDC86 /* TopicsCatalog+Generated.swift */ = {isa = PBXFileReference; lastKnownFileType = sourcecode.swift; path = "TopicsCatalog+Generated.swift"; sourceTree = "<group>"; };
		5397822A78200BBB2F79B66F /* VerseNotificationScheduler.swift */ = {isa = PBXFileReference; lastKnownFileType = sourcecode.swift; path = VerseNotificationScheduler.swift; sourceTree = "<group>"; };
		5958DC90DC0577E95423E1C8 /* UserStreak.swift */ = {isa = PBXFileReference; lastKnownFileType = sourcecode.swift; path = UserStreak.swift; sourceTree = "<group>"; };
		5DEDF00474B34921F53B058F /* QuizQuestionCard.swift */ = {isa = PBXFileReference; lastKnownFileType = sourcecode.swift; path = QuizQuestionCard.swift; sourceTree = "<group>"; };
		5E32156343D1249A2B98F75B /* AnchoredAppClipTests.swift */ = {isa = PBXFileReference; lastKnownFileType = sourcecode.swift; path = AnchoredAppClipTests.swift; sourceTree = "<group>"; };
		5FCBABDA38DB3533D95D2467 /* StreakManager.swift */ = {isa = PBXFileReference; lastKnownFileType = sourcecode.swift; path = StreakManager.swift; sourceTree = "<group>"; };
		6356903EDE920FA9E2303943 /* AnchoredAppClipApp.swift */ = {isa = PBXFileReference; lastKnownFileType = sourcecode.swift; path = AnchoredAppClipApp.swift; sourceTree = "<group>"; };
		6739752B10AFD82DEFFA56F0 /* VerseRecommenderService.swift */ = {isa = PBXFileReference; lastKnownFileType = sourcecode.swift; path = VerseRecommenderService.swift; sourceTree = "<group>"; };
		6C904E0D67E173FE919F33D5 /* Info.plist */ = {isa = PBXFileReference; lastKnownFileType = text.plist; path = Info.plist; sourceTree = "<group>"; };
		6CDFCE1592A2C8F3C68E4B45 /* AnchoredAppClip.app */ = {isa = PBXFileReference; includeInIndex = 0; lastKnownFileType = wrapper.application; path = AnchoredAppClip.app; sourceTree = BUILT_PRODUCTS_DIR; };
		73E919DC4EA808C96C64E8A5 /* DawnPrimitives.swift */ = {isa = PBXFileReference; lastKnownFileType = sourcecode.swift; path = DawnPrimitives.swift; sourceTree = "<group>"; };
		744C3646B6974E809595D202 /* BiblePassageView.swift */ = {isa = PBXFileReference; lastKnownFileType = sourcecode.swift; path = BiblePassageView.swift; sourceTree = "<group>"; };
		766470C6E7822E84E92DB7E4 /* NotificationService.swift */ = {isa = PBXFileReference; lastKnownFileType = sourcecode.swift; path = NotificationService.swift; sourceTree = "<group>"; };
		7A6AFC7F615D6211806D4387 /* JournalView.swift */ = {isa = PBXFileReference; lastKnownFileType = sourcecode.swift; path = JournalView.swift; sourceTree = "<group>"; };
		7BCB086B30CD815EA7E9A786 /* ChapterQuizGenerator.swift */ = {isa = PBXFileReference; lastKnownFileType = sourcecode.swift; path = ChapterQuizGenerator.swift; sourceTree = "<group>"; };
		7D3B8B1C8F7DEA3E6F6425A6 /* HomeView.swift */ = {isa = PBXFileReference; lastKnownFileType = sourcecode.swift; path = HomeView.swift; sourceTree = "<group>"; };
		7D4CC7F6C5322CCF0ADF1FC0 /* BibleNote.swift */ = {isa = PBXFileReference; lastKnownFileType = sourcecode.swift; path = BibleNote.swift; sourceTree = "<group>"; };
		8020D5C5C954A50E87DE651C /* Achievements.swift */ = {isa = PBXFileReference; lastKnownFileType = sourcecode.swift; path = Achievements.swift; sourceTree = "<group>"; };
		841CDC208944A69B46AD37DC /* CloudKitDeduplicator.swift */ = {isa = PBXFileReference; lastKnownFileType = sourcecode.swift; path = CloudKitDeduplicator.swift; sourceTree = "<group>"; };
		88790F8A72D741C5EC5F4DC2 /* LessonView.swift */ = {isa = PBXFileReference; lastKnownFileType = sourcecode.swift; path = LessonView.swift; sourceTree = "<group>"; };
		8B640402DF80FB43CAEF8BB8 /* AnchoredAppClipTests.xctest */ = {isa = PBXFileReference; includeInIndex = 0; lastKnownFileType = wrapper.cfbundle; path = AnchoredAppClipTests.xctest; sourceTree = BUILT_PRODUCTS_DIR; };
		90C45A38C7C82FB54B65CB9F /* LessonProgress.swift */ = {isa = PBXFileReference; lastKnownFileType = sourcecode.swift; path = LessonProgress.swift; sourceTree = "<group>"; };
		956F68618DF25CE46026DC1E /* Prayer.swift */ = {isa = PBXFileReference; lastKnownFileType = sourcecode.swift; path = Prayer.swift; sourceTree = "<group>"; };
		97959C5345BCADCB111AC3E8 /* OnboardingView.swift */ = {isa = PBXFileReference; lastKnownFileType = sourcecode.swift; path = OnboardingView.swift; sourceTree = "<group>"; };
		9930557F66EC67AEFDA8979F /* PremiumManager.swift */ = {isa = PBXFileReference; lastKnownFileType = sourcecode.swift; path = PremiumManager.swift; sourceTree = "<group>"; };
		9A7ACB09F9689E832E8411BA /* SavedVerse.swift */ = {isa = PBXFileReference; lastKnownFileType = sourcecode.swift; path = SavedVerse.swift; sourceTree = "<group>"; };
		A1AC9B8179D1FD6D07FA41E6 /* TopicsView.swift */ = {isa = PBXFileReference; lastKnownFileType = sourcecode.swift; path = TopicsView.swift; sourceTree = "<group>"; };
		A277EDC7815D469AAB95C504 /* AnchoredColors.swift */ = {isa = PBXFileReference; lastKnownFileType = sourcecode.swift; path = AnchoredColors.swift; sourceTree = "<group>"; };
		B02FBE2FC7D3ECBFDFD92E19 /* Info.plist */ = {isa = PBXFileReference; lastKnownFileType = text.plist; path = Info.plist; sourceTree = "<group>"; };
		B428A475C33BE710CF89437A /* MainTabView.swift */ = {isa = PBXFileReference; lastKnownFileType = sourcecode.swift; path = MainTabView.swift; sourceTree = "<group>"; };
		B7DCB3BB98AA83469515778B /* Anchored.entitlements */ = {isa = PBXFileReference; lastKnownFileType = text.plist.entitlements; path = Anchored.entitlements; sourceTree = "<group>"; };
		C1451F014A8ED741302C7CB6 /* AnchoredApp.swift */ = {isa = PBXFileReference; lastKnownFileType = sourcecode.swift; path = AnchoredApp.swift; sourceTree = "<group>"; };
		CE64C5E095D883D04B7657BA /* ProfileView.swift */ = {isa = PBXFileReference; lastKnownFileType = sourcecode.swift; path = ProfileView.swift; sourceTree = "<group>"; };
		D17B2F981BF8B13A2309334F /* ScriptureReferenceParser.swift */ = {isa = PBXFileReference; lastKnownFileType = sourcecode.swift; path = ScriptureReferenceParser.swift; sourceTree = "<group>"; };
		D57BECEA27A3840289564A43 /* Outfit.ttf */ = {isa = PBXFileReference; lastKnownFileType = file; path = Outfit.ttf; sourceTree = "<group>"; };
		DBC5E75C95B74C4EED0F6399 /* TopicDetailView.swift */ = {isa = PBXFileReference; lastKnownFileType = sourcecode.swift; path = TopicDetailView.swift; sourceTree = "<group>"; };
		E3144D570EE845C027DD64B3 /* BibleChapterListView.swift */ = {isa = PBXFileReference; lastKnownFileType = sourcecode.swift; path = BibleChapterListView.swift; sourceTree = "<group>"; };
		EE13A6A074FC3A8D33460AEC /* HighlightColor.swift */ = {isa = PBXFileReference; lastKnownFileType = sourcecode.swift; path = HighlightColor.swift; sourceTree = "<group>"; };
		F11600209BB48BB5A5908B1A /* VerseRecommenderSheet.swift */ = {isa = PBXFileReference; lastKnownFileType = sourcecode.swift; path = VerseRecommenderSheet.swift; sourceTree = "<group>"; };
		FDEBE15E0A4A48C41F749F30 /* PlaceholderView.swift */ = {isa = PBXFileReference; lastKnownFileType = sourcecode.swift; path = PlaceholderView.swift; sourceTree = "<group>"; };
		FEA9042650188AAF65D802E2 /* PreviewContainer.swift */ = {isa = PBXFileReference; lastKnownFileType = sourcecode.swift; path = PreviewContainer.swift; sourceTree = "<group>"; };
/* End PBXFileReference section */

/* Begin PBXGroup section */
		0BCF175BC904C1FD596E0E7F /* Models */ = {
			isa = PBXGroup;
			children = (
				7D4CC7F6C5322CCF0ADF1FC0 /* BibleNote.swift */,
				90C45A38C7C82FB54B65CB9F /* LessonProgress.swift */,
				956F68618DF25CE46026DC1E /* Prayer.swift */,
				9A7ACB09F9689E832E8411BA /* SavedVerse.swift */,
				26247B97567A457B1EE7A62D /* UserSettings.swift */,
				5958DC90DC0577E95423E1C8 /* UserStreak.swift */,
			);
			path = Models;
			sourceTree = "<group>";
		};
		11621B0FE05EA01F637C7C99 /* App */ = {
			isa = PBXGroup;
			children = (
				C1451F014A8ED741302C7CB6 /* AnchoredApp.swift */,
				B428A475C33BE710CF89437A /* MainTabView.swift */,
				20E26343E9D5FE29F844365C /* RootView.swift */,
			);
			path = App;
			sourceTree = "<group>";
		};
		172DC6BE2CA4A7B79C4DE0EC /* AnchoredAppClipTests */ = {
			isa = PBXGroup;
			children = (
				5E32156343D1249A2B98F75B /* AnchoredAppClipTests.swift */,
			);
			path = AnchoredAppClipTests;
			sourceTree = "<group>";
		};
		178BA259E56FB4569807C5C5 /* Quiz */ = {
			isa = PBXGroup;
			children = (
				5DEDF00474B34921F53B058F /* QuizQuestionCard.swift */,
			);
			path = Quiz;
			sourceTree = "<group>";
		};
		1D50ED322E98D4C03E2B6542 /* Resources */ = {
			isa = PBXGroup;
			children = (
				3FD4765EA06BEAA31051EFF9 /* Fonts */,
			);
			path = Resources;
			sourceTree = "<group>";
		};
		3FD4765EA06BEAA31051EFF9 /* Fonts */ = {
			isa = PBXGroup;
			children = (
				24CBFBE85939EC9DF89652B4 /* Newsreader-Italic.ttf */,
				338B1AFAEAA114F2D6433DBB /* Newsreader.ttf */,
				D57BECEA27A3840289564A43 /* Outfit.ttf */,
			);
			path = Fonts;
			sourceTree = "<group>";
		};
		4066173D646F65932FFF2428 /* Topics */ = {
			isa = PBXGroup;
			children = (
				DBC5E75C95B74C4EED0F6399 /* TopicDetailView.swift */,
				A1AC9B8179D1FD6D07FA41E6 /* TopicsView.swift */,
			);
			path = Topics;
			sourceTree = "<group>";
		};
		4C5D36ADD02F9CB50973F9FD /* AnchoredAppClip */ = {
			isa = PBXGroup;
			children = (
				41543B7B136FABF997534D2B /* AnchoredAppClip.entitlements */,
				6356903EDE920FA9E2303943 /* AnchoredAppClipApp.swift */,
				01211103994BEB3A418323F5 /* Assets.xcassets */,
				6C904E0D67E173FE919F33D5 /* Info.plist */,
			);
			path = AnchoredAppClip;
			sourceTree = "<group>";
		};
		4E483D5B99DE88434B978DCB /* Anchored */ = {
			isa = PBXGroup;
			children = (
				11621B0FE05EA01F637C7C99 /* App */,
				8A11653B510353ACA3FDA14E /* Content */,
				E22C34133E97AEE1E8A9DF6A /* Features */,
				0BCF175BC904C1FD596E0E7F /* Models */,
				1D50ED322E98D4C03E2B6542 /* Resources */,
				E1A2A1642446DD15483BEC49 /* Services */,
				7BE8925B6A08010054487CC9 /* Theme */,
				B7DCB3BB98AA83469515778B /* Anchored.entitlements */,
				383A83BA5E698698A82C081F /* Assets.xcassets */,
				B02FBE2FC7D3ECBFDFD92E19 /* Info.plist */,
			);
			path = Anchored;
			sourceTree = "<group>";
		};
		5681D984F33E1D123AF43A37 /* Products */ = {
			isa = PBXGroup;
			children = (
				066A5B1051D2A222D5AA0296 /* Anchored.app */,
				6CDFCE1592A2C8F3C68E4B45 /* AnchoredAppClip.app */,
				8B640402DF80FB43CAEF8BB8 /* AnchoredAppClipTests.xctest */,
			);
			name = Products;
			sourceTree = "<group>";
		};
		7B26346DFE966BA42208F09E /* Shared */ = {
			isa = PBXGroup;
			children = (
				FDEBE15E0A4A48C41F749F30 /* PlaceholderView.swift */,
			);
			path = Shared;
			sourceTree = "<group>";
		};
		7BE8925B6A08010054487CC9 /* Theme */ = {
			isa = PBXGroup;
			children = (
				A277EDC7815D469AAB95C504 /* AnchoredColors.swift */,
				0EB0627B30024E2C052762C4 /* AnchoredTypography.swift */,
				73E919DC4EA808C96C64E8A5 /* DawnPrimitives.swift */,
				EE13A6A074FC3A8D33460AEC /* HighlightColor.swift */,
				3D165B2DEB577B275AF7177A /* ViewModifiers.swift */,
			);
			path = Theme;
			sourceTree = "<group>";
		};
		8A11653B510353ACA3FDA14E /* Content */ = {
			isa = PBXGroup;
			children = (
				D55FB3AE825B161CE395B72B /* GeneratedData */,
				8020D5C5C954A50E87DE651C /* Achievements.swift */,
				1E91E12D7175575F13DF89ED /* DailyVerses.swift */,
				207731DEEFA152D199827A9A /* FeelingMap.swift */,
				0F8368DDDE8AC6CB57B4FA26 /* TopicCatalog.swift */,
			);
			path = Content;
			sourceTree = "<group>";
		};
		A8B32B00144E73E6140A152C = {
			isa = PBXGroup;
			children = (
				4E483D5B99DE88434B978DCB /* Anchored */,
				4C5D36ADD02F9CB50973F9FD /* AnchoredAppClip */,
				172DC6BE2CA4A7B79C4DE0EC /* AnchoredAppClipTests */,
				5681D984F33E1D123AF43A37 /* Products */,
			);
			sourceTree = "<group>";
		};
		ACC114486DA43B9271444E36 /* Profile */ = {
			isa = PBXGroup;
			children = (
				CE64C5E095D883D04B7657BA /* ProfileView.swift */,
			);
			path = Profile;
			sourceTree = "<group>";
		};
		D55FB3AE825B161CE395B72B /* GeneratedData */ = {
			isa = PBXGroup;
			children = (
				464B757DD1CDA9DD59DDDC86 /* TopicsCatalog+Generated.swift */,
			);
			path = GeneratedData;
			sourceTree = "<group>";
		};
		D809E5282B24631381EAF885 /* Onboarding */ = {
			isa = PBXGroup;
			children = (
				97959C5345BCADCB111AC3E8 /* OnboardingView.swift */,
			);
			path = Onboarding;
			sourceTree = "<group>";
		};
		D98914324A9DAD0EF7CA4E61 /* Journal */ = {
			isa = PBXGroup;
			children = (
				7A6AFC7F615D6211806D4387 /* JournalView.swift */,
			);
			path = Journal;
			sourceTree = "<group>";
		};
		DED355ADD52531D01BF8846D /* Bible */ = {
			isa = PBXGroup;
			children = (
				0D07E2A116FF23CF54E6330E /* BibleCatalog.swift */,
				E3144D570EE845C027DD64B3 /* BibleChapterListView.swift */,
				744C3646B6974E809595D202 /* BiblePassageView.swift */,
				28F326E6CBF4525D81B91304 /* BibleView.swift */,
				F11600209BB48BB5A5908B1A /* VerseRecommenderSheet.swift */,
			);
			path = Bible;
			sourceTree = "<group>";
		};
		E1A2A1642446DD15483BEC49 /* Services */ = {
			isa = PBXGroup;
			children = (
				22F46ABB4120D88B65E80E8B /* AppearanceManager.swift */,
				20B46C9C3FFAC3DA556F0BD8 /* AuthManager.swift */,
				274F214C2AB463915D0E7D6F /* BibleAPIService.swift */,
				7BCB086B30CD815EA7E9A786 /* ChapterQuizGenerator.swift */,
				841CDC208944A69B46AD37DC /* CloudKitDeduplicator.swift */,
				766470C6E7822E84E92DB7E4 /* NotificationService.swift */,
				9930557F66EC67AEFDA8979F /* PremiumManager.swift */,
				FEA9042650188AAF65D802E2 /* PreviewContainer.swift */,
				D17B2F981BF8B13A2309334F /* ScriptureReferenceParser.swift */,
				5FCBABDA38DB3533D95D2467 /* StreakManager.swift */,
				5397822A78200BBB2F79B66F /* VerseNotificationScheduler.swift */,
				6739752B10AFD82DEFFA56F0 /* VerseRecommenderService.swift */,
			);
			path = Services;
			sourceTree = "<group>";
		};
		E22C34133E97AEE1E8A9DF6A /* Features */ = {
			isa = PBXGroup;
			children = (
				DED355ADD52531D01BF8846D /* Bible */,
				F06525D680908C334E9F9444 /* Home */,
				D98914324A9DAD0EF7CA4E61 /* Journal */,
				E9BDA83AF2B9582CB5369520 /* Lesson */,
				D809E5282B24631381EAF885 /* Onboarding */,
				ACC114486DA43B9271444E36 /* Profile */,
				178BA259E56FB4569807C5C5 /* Quiz */,
				7B26346DFE966BA42208F09E /* Shared */,
				4066173D646F65932FFF2428 /* Topics */,
			);
			path = Features;
			sourceTree = "<group>";
		};
		E9BDA83AF2B9582CB5369520 /* Lesson */ = {
			isa = PBXGroup;
			children = (
				88790F8A72D741C5EC5F4DC2 /* LessonView.swift */,
			);
			path = Lesson;
			sourceTree = "<group>";
		};
		F06525D680908C334E9F9444 /* Home */ = {
			isa = PBXGroup;
			children = (
				7D3B8B1C8F7DEA3E6F6425A6 /* HomeView.swift */,
			);
			path = Home;
			sourceTree = "<group>";
		};
/* End PBXGroup section */

/* Begin PBXNativeTarget section */
		0BF21FBF1A4AD3DB0E5EC73A /* AnchoredAppClipTests */ = {
			isa = PBXNativeTarget;
			buildConfigurationList = 6C7172A4FF8572EC6B1D2BA4 /* Build configuration list for PBXNativeTarget "AnchoredAppClipTests" */;
			buildPhases = (
				B6D905002734583253ECAE55 /* Sources */,
			);
			buildRules = (
			);
			dependencies = (
				9B69FBB112A5B38621655546 /* PBXTargetDependency */,
			);
			name = AnchoredAppClipTests;
			packageProductDependencies = (
			);
			productName = AnchoredAppClipTests;
			productReference = 8B640402DF80FB43CAEF8BB8 /* AnchoredAppClipTests.xctest */;
			productType = "com.apple.product-type.bundle.unit-test";
		};
		B688C0B300C8B1EF44B70441 /* Anchored */ = {
			isa = PBXNativeTarget;
			buildConfigurationList = 68425B7E7DCF5EBBDDD34863 /* Build configuration list for PBXNativeTarget "Anchored" */;
			buildPhases = (
				F69122A11CF2E4B83A9E52CA /* Sources */,
				0374DD83F146D955EB2C64F0 /* Resources */,
				BD838D7C26FB649EC386654C /* Embed App Clips */,
			);
			buildRules = (
			);
			dependencies = (
				B3047760D7A969AE8ADF33A6 /* PBXTargetDependency */,
			);
			name = Anchored;
			packageProductDependencies = (
			);
			productName = Anchored;
			productReference = 066A5B1051D2A222D5AA0296 /* Anchored.app */;
			productType = "com.apple.product-type.application";
		};
		CC1AF886093F145499B20A47 /* AnchoredAppClip */ = {
			isa = PBXNativeTarget;
			buildConfigurationList = 065ED09D738F7D5396324F4E /* Build configuration list for PBXNativeTarget "AnchoredAppClip" */;
			buildPhases = (
				256125FB87CF122813F22904 /* Sources */,
				09094404B2DA11C5CF5B36A0 /* Resources */,
			);
			buildRules = (
			);
			dependencies = (
			);
			name = AnchoredAppClip;
			packageProductDependencies = (
			);
			productName = AnchoredAppClip;
			productReference = 6CDFCE1592A2C8F3C68E4B45 /* AnchoredAppClip.app */;
			productType = "com.apple.product-type.application.on-demand-install-capable";
		};
/* End PBXNativeTarget section */

/* Begin PBXProject section */
		FD84D49EF9D10B63AEDE9C76 /* Project object */ = {
			isa = PBXProject;
			attributes = {
				BuildIndependentTargetsInParallel = YES;
				LastUpgradeCheck = 1500;
				TargetAttributes = {
					0BF21FBF1A4AD3DB0E5EC73A = {
						DevelopmentTeam = 28HN686K66;
						ProvisioningStyle = Automatic;
					};
					B688C0B300C8B1EF44B70441 = {
						DevelopmentTeam = 28HN686K66;
						ProvisioningStyle = Automatic;
					};
					CC1AF886093F145499B20A47 = {
						DevelopmentTeam = 28HN686K66;
						ProvisioningStyle = Automatic;
					};
				};
			};
			buildConfigurationList = 0D189381B55F0EB1553182D1 /* Build configuration list for PBXProject "Anchored" */;
			developmentRegion = en;
			hasScannedForEncodings = 0;
			knownRegions = (
				Base,
				en,
			);
			mainGroup = A8B32B00144E73E6140A152C;
			minimizedProjectReferenceProxies = 1;
			preferredProjectObjectVersion = 77;
			productRefGroup = 5681D984F33E1D123AF43A37 /* Products */;
			projectDirPath = "";
			projectRoot = "";
			targets = (
				B688C0B300C8B1EF44B70441 /* Anchored */,
				CC1AF886093F145499B20A47 /* AnchoredAppClip */,
				0BF21FBF1A4AD3DB0E5EC73A /* AnchoredAppClipTests */,
			);
		};
/* End PBXProject section */

/* Begin PBXResourcesBuildPhase section */
		0374DD83F146D955EB2C64F0 /* Resources */ = {
			isa = PBXResourcesBuildPhase;
			buildActionMask = 2147483647;
			files = (
				A3438E39F77BEAB70570AE57 /* Assets.xcassets in Resources */,
				DF96626EFF7DB90E8856D679 /* Newsreader-Italic.ttf in Resources */,
				680E4468EE6801254D248C9B /* Newsreader.ttf in Resources */,
				C3EF29019C02763EB0A7FBCB /* Outfit.ttf in Resources */,
			);
			runOnlyForDeploymentPostprocessing = 0;
		};
		09094404B2DA11C5CF5B36A0 /* Resources */ = {
			isa = PBXResourcesBuildPhase;
			buildActionMask = 2147483647;
			files = (
				D43A6394873C0D6E59DD8AEC /* Assets.xcassets in Resources */,
			);
			runOnlyForDeploymentPostprocessing = 0;
		};
/* End PBXResourcesBuildPhase section */

/* Begin PBXSourcesBuildPhase section */
		256125FB87CF122813F22904 /* Sources */ = {
			isa = PBXSourcesBuildPhase;
			buildActionMask = 2147483647;
			files = (
				4941449352EF70BE8CB27305 /* AnchoredAppClipApp.swift in Sources */,
			);
			runOnlyForDeploymentPostprocessing = 0;
		};
		B6D905002734583253ECAE55 /* Sources */ = {
			isa = PBXSourcesBuildPhase;
			buildActionMask = 2147483647;
			files = (
				CFCB5081B1F3A1FC715B0B92 /* AnchoredAppClipTests.swift in Sources */,
			);
			runOnlyForDeploymentPostprocessing = 0;
		};
		F69122A11CF2E4B83A9E52CA /* Sources */ = {
			isa = PBXSourcesBuildPhase;
			buildActionMask = 2147483647;
			files = (
				E99A6199DA560934F31954CF /* Achievements.swift in Sources */,
				10C08C86E0BAE112A7BACF4A /* AnchoredApp.swift in Sources */,
				B3D2563856D485BDC27547F2 /* AnchoredColors.swift in Sources */,
				78C34E7E8222411D91FE5447 /* AnchoredTypography.swift in Sources */,
				EBA98BBD35ABDC5998634FA8 /* AppearanceManager.swift in Sources */,
				5A83316B57EFCD2440A405F4 /* AuthManager.swift in Sources */,
				94516A0AB5176866A90E7FB8 /* BibleAPIService.swift in Sources */,
				6E547D7C9C478CE4FBAB4E46 /* BibleCatalog.swift in Sources */,
				5736123601750868398D9CEE /* BibleChapterListView.swift in Sources */,
				2383E29671C7E647C822CB1A /* BibleNote.swift in Sources */,
				F7E00E8E59E95428BA6DD431 /* BiblePassageView.swift in Sources */,
				816BD8672F6DD2A48EFC6655 /* BibleView.swift in Sources */,
				5A1B75936A1C57FAB903EA3B /* ChapterQuizGenerator.swift in Sources */,
				7D3089495B39F674C7C08AA2 /* CloudKitDeduplicator.swift in Sources */,
				1A46E7BAE9A3E80BED1AB68E /* DailyVerses.swift in Sources */,
				77C0CC1E7ADB0DC210131224 /* DawnPrimitives.swift in Sources */,
				EB25BBBC06F433407931589A /* FeelingMap.swift in Sources */,
				53E4533F14DBC9C993A4BC7B /* HighlightColor.swift in Sources */,
				5C8426DF496B302B1AC8D61E /* HomeView.swift in Sources */,
				B1D59E346CDE2A5087FCE855 /* JournalView.swift in Sources */,
				EEEC6326591A4125ADAE86AC /* LessonProgress.swift in Sources */,
				958AAEA2A8C2E2B55636F365 /* LessonView.swift in Sources */,
				6B7BAF85313D3A043FF5DEDC /* MainTabView.swift in Sources */,
				6E502CFA1D4136B896965046 /* NotificationService.swift in Sources */,
				2387EBEA68C850192AEAB4B1 /* OnboardingView.swift in Sources */,
				994AF26E470C48B3A3DFE8F2 /* PlaceholderView.swift in Sources */,
				69E56CBD3A200AC478890ECB /* Prayer.swift in Sources */,
				D63DCF58CB94342B6E0FCA7B /* PremiumManager.swift in Sources */,
				18542867BFF53E172D3F8044 /* PreviewContainer.swift in Sources */,
				14333B9755EED7E63B660667 /* ProfileView.swift in Sources */,
				AA59020373DAF4E4D0D29436 /* QuizQuestionCard.swift in Sources */,
				342CD7D4E8590EBF1A7523E0 /* RootView.swift in Sources */,
				D299BCAD1830CEC880288810 /* SavedVerse.swift in Sources */,
				24534137222D973B1947D669 /* ScriptureReferenceParser.swift in Sources */,
				ECE55D23B069C5477569B8BE /* StreakManager.swift in Sources */,
				234111C9CE4CCCE15FC999C7 /* TopicCatalog.swift in Sources */,
				439E928ADA8C92D3F5A0D300 /* TopicDetailView.swift in Sources */,
				2841FA6FF9DE8DE1D43ADE1B /* TopicsCatalog+Generated.swift in Sources */,
				1959DC648F924FA1ADBABB48 /* TopicsView.swift in Sources */,
				FE5D940CF0EC3EDE8D4A8723 /* UserSettings.swift in Sources */,
				DAAEEB360C8B8F4C5A18155F /* UserStreak.swift in Sources */,
				89C28876DB8BF5F5AD51FD9B /* VerseNotificationScheduler.swift in Sources */,
				15461AF481F5BE19082DAAEF /* VerseRecommenderService.swift in Sources */,
				3A90212D03795866F7DB5EF0 /* VerseRecommenderSheet.swift in Sources */,
				E023C93533453C2678475EAA /* ViewModifiers.swift in Sources */,
			);
			runOnlyForDeploymentPostprocessing = 0;
		};
/* End PBXSourcesBuildPhase section */

/* Begin PBXTargetDependency section */
		9B69FBB112A5B38621655546 /* PBXTargetDependency */ = {
			isa = PBXTargetDependency;
			target = CC1AF886093F145499B20A47 /* AnchoredAppClip */;
			targetProxy = 5D2FAC42AB5F24E39EE06C3C /* PBXContainerItemProxy */;
		};
		B3047760D7A969AE8ADF33A6 /* PBXTargetDependency */ = {
			isa = PBXTargetDependency;
			target = CC1AF886093F145499B20A47 /* AnchoredAppClip */;
			targetProxy = 201274336DA437E748EE6055 /* PBXContainerItemProxy */;
		};
/* End PBXTargetDependency section */

/* Begin XCBuildConfiguration section */
		0395D5FBCC6D474EDF1C14CA /* Release */ = {
			isa = XCBuildConfiguration;
			buildSettings = {
				BUNDLE_LOADER = "$(TEST_HOST)";
				GENERATE_INFOPLIST_FILE = YES;
				LD_RUNPATH_SEARCH_PATHS = (
					"$(inherited)",
					"@executable_path/Frameworks",
					"@loader_path/Frameworks",
				);
				PRODUCT_BUNDLE_IDENTIFIER = com.ios.anchoredbibleapp.AnchoredAppClipTests;
				SDKROOT = iphoneos;
				TARGETED_DEVICE_FAMILY = "1,2";
				TEST_HOST = "$(BUILT_PRODUCTS_DIR)/AnchoredAppClip.app/AnchoredAppClip";
			};
			name = Release;
		};
		331B3A36481A2148C29C3EFB /* Release */ = {
			isa = XCBuildConfiguration;
			buildSettings = {
				ASSETCATALOG_COMPILER_APPICON_NAME = AppIcon;
				ASSETCATALOG_COMPILER_GLOBAL_ACCENT_COLOR_NAME = AccentColor;
				CODE_SIGN_ENTITLEMENTS = AnchoredAppClip/AnchoredAppClip.entitlements;
				GENERATE_INFOPLIST_FILE = YES;
				INFOPLIST_FILE = AnchoredAppClip/Info.plist;
				LD_RUNPATH_SEARCH_PATHS = (
					"$(inherited)",
					"@executable_path/Frameworks",
				);
				PRODUCT_BUNDLE_IDENTIFIER = com.ios.anchoredbibleapp.Clip;
				SDKROOT = iphoneos;
				TARGETED_DEVICE_FAMILY = "1,2";
			};
			name = Release;
		};
		5E7B257075708939B0478FE0 /* Debug */ = {
			isa = XCBuildConfiguration;
			buildSettings = {
				ASSETCATALOG_COMPILER_APPICON_NAME = AppIcon;
				ASSETCATALOG_COMPILER_GLOBAL_ACCENT_COLOR_NAME = AccentColor;
				CODE_SIGN_ENTITLEMENTS = AnchoredAppClip/AnchoredAppClip.entitlements;
				GENERATE_INFOPLIST_FILE = YES;
				INFOPLIST_FILE = AnchoredAppClip/Info.plist;
				LD_RUNPATH_SEARCH_PATHS = (
					"$(inherited)",
					"@executable_path/Frameworks",
				);
				PRODUCT_BUNDLE_IDENTIFIER = com.ios.anchoredbibleapp.Clip;
				SDKROOT = iphoneos;
				TARGETED_DEVICE_FAMILY = "1,2";
			};
			name = Debug;
		};
		5F2C0874BEC39CC0EDA94A8B /* Release */ = {
			isa = XCBuildConfiguration;
			buildSettings = {
				ASSETCATALOG_COMPILER_APPICON_NAME = AppIcon;
				ASSETCATALOG_COMPILER_GLOBAL_ACCENT_COLOR_NAME = AccentColor;
				CODE_SIGN_ENTITLEMENTS = Anchored/Anchored.entitlements;
				CODE_SIGN_IDENTITY = "iPhone Developer";
				GENERATE_INFOPLIST_FILE = YES;
				INFOPLIST_FILE = Anchored/Info.plist;
				INFOPLIST_KEY_CFBundleDisplayName = "Anchored - Learn the Bible";
				INFOPLIST_KEY_UILaunchScreen_Generation = YES;
				INFOPLIST_KEY_UIRequiresFullScreen = YES;
				INFOPLIST_KEY_UIStatusBarStyle = UIStatusBarStyleDefault;
				INFOPLIST_KEY_UISupportedInterfaceOrientations = UIInterfaceOrientationPortrait;
				"INFOPLIST_KEY_UISupportedInterfaceOrientations~ipad" = "UIInterfaceOrientationPortrait UIInterfaceOrientationPortraitUpsideDown UIInterfaceOrientationLandscapeLeft UIInterfaceOrientationLandscapeRight";
				LD_RUNPATH_SEARCH_PATHS = (
					"$(inherited)",
					"@executable_path/Frameworks",
				);
				PRODUCT_BUNDLE_IDENTIFIER = com.ios.anchoredbibleapp;
				SDKROOT = iphoneos;
				SUPPORTS_MACCATALYST = NO;
				TARGETED_DEVICE_FAMILY = "1,2";
			};
			name = Release;
		};
		906E781E39F8B9267CAB9708 /* Release */ = {
			isa = XCBuildConfiguration;
			buildSettings = {
				ALWAYS_SEARCH_USER_PATHS = NO;
				CLANG_ANALYZER_NONNULL = YES;
				CLANG_ANALYZER_NUMBER_OBJECT_CONVERSION = YES_AGGRESSIVE;
				CLANG_CXX_LANGUAGE_STANDARD = "gnu++14";
				CLANG_CXX_LIBRARY = "libc++";
				CLANG_ENABLE_MODULES = YES;
				CLANG_ENABLE_OBJC_ARC = YES;
				CLANG_ENABLE_OBJC_WEAK = YES;
				CLANG_WARN_BLOCK_CAPTURE_AUTORELEASING = YES;
				CLANG_WARN_BOOL_CONVERSION = YES;
				CLANG_WARN_COMMA = YES;
				CLANG_WARN_CONSTANT_CONVERSION = YES;
				CLANG_WARN_DEPRECATED_OBJC_IMPLEMENTATIONS = YES;
				CLANG_WARN_DIRECT_OBJC_ISA_USAGE = YES_ERROR;
				CLANG_WARN_DOCUMENTATION_COMMENTS = YES;
				CLANG_WARN_EMPTY_BODY = YES;
				CLANG_WARN_ENUM_CONVERSION = YES;
				CLANG_WARN_INFINITE_RECURSION = YES;
				CLANG_WARN_INT_CONVERSION = YES;
				CLANG_WARN_NON_LITERAL_NULL_CONVERSION = YES;
				CLANG_WARN_OBJC_IMPLICIT_RETAIN_SELF = YES;
				CLANG_WARN_OBJC_LITERAL_CONVERSION = YES;
				CLANG_WARN_OBJC_ROOT_CLASS = YES_ERROR;
				CLANG_WARN_QUOTED_INCLUDE_IN_FRAMEWORK_HEADER = YES;
				CLANG_WARN_RANGE_LOOP_ANALYSIS = YES;
				CLANG_WARN_STRICT_PROTOTYPES = YES;
				CLANG_WARN_SUSPICIOUS_MOVE = YES;
				CLANG_WARN_UNGUARDED_AVAILABILITY = YES_AGGRESSIVE;
				CLANG_WARN_UNREACHABLE_CODE = YES;
				CLANG_WARN__DUPLICATE_METHOD_MATCH = YES;
				CODE_SIGN_STYLE = Automatic;
				COPY_PHASE_STRIP = NO;
				CURRENT_PROJECT_VERSION = 1;
				DEBUG_INFORMATION_FORMAT = "dwarf-with-dsym";
				DEVELOPMENT_TEAM = 28HN686K66;
				ENABLE_NS_ASSERTIONS = NO;
				ENABLE_STRICT_OBJC_MSGSEND = YES;
				ENABLE_USER_SCRIPT_SANDBOXING = YES;
				GCC_C_LANGUAGE_STANDARD = gnu11;
				GCC_NO_COMMON_BLOCKS = YES;
				GCC_WARN_64_TO_32_BIT_CONVERSION = YES;
				GCC_WARN_ABOUT_RETURN_TYPE = YES_ERROR;
				GCC_WARN_UNDECLARED_SELECTOR = YES;
				GCC_WARN_UNINITIALIZED_AUTOS = YES_AGGRESSIVE;
				GCC_WARN_UNUSED_FUNCTION = YES;
				GCC_WARN_UNUSED_VARIABLE = YES;
				IPHONEOS_DEPLOYMENT_TARGET = 17.0;
				MARKETING_VERSION = 1.0.0;
				MTL_ENABLE_DEBUG_INFO = NO;
				MTL_FAST_MATH = YES;
				PRODUCT_NAME = "$(TARGET_NAME)";
				SDKROOT = iphoneos;
				SWIFT_COMPILATION_MODE = wholemodule;
				SWIFT_OPTIMIZATION_LEVEL = "-O";
				SWIFT_STRICT_CONCURRENCY = minimal;
				SWIFT_VERSION = 5.9;
			};
			name = Release;
		};
		D74E10E768A40F6B32051A39 /* Debug */ = {
			isa = XCBuildConfiguration;
			buildSettings = {
				ALWAYS_SEARCH_USER_PATHS = NO;
				CLANG_ANALYZER_NONNULL = YES;
				CLANG_ANALYZER_NUMBER_OBJECT_CONVERSION = YES_AGGRESSIVE;
				CLANG_CXX_LANGUAGE_STANDARD = "gnu++14";
				CLANG_CXX_LIBRARY = "libc++";
				CLANG_ENABLE_MODULES = YES;
				CLANG_ENABLE_OBJC_ARC = YES;
				CLANG_ENABLE_OBJC_WEAK = YES;
				CLANG_WARN_BLOCK_CAPTURE_AUTORELEASING = YES;
				CLANG_WARN_BOOL_CONVERSION = YES;
				CLANG_WARN_COMMA = YES;
				CLANG_WARN_CONSTANT_CONVERSION = YES;
				CLANG_WARN_DEPRECATED_OBJC_IMPLEMENTATIONS = YES;
				CLANG_WARN_DIRECT_OBJC_ISA_USAGE = YES_ERROR;
				CLANG_WARN_DOCUMENTATION_COMMENTS = YES;
				CLANG_WARN_EMPTY_BODY = YES;
				CLANG_WARN_ENUM_CONVERSION = YES;
				CLANG_WARN_INFINITE_RECURSION = YES;
				CLANG_WARN_INT_CONVERSION = YES;
				CLANG_WARN_NON_LITERAL_NULL_CONVERSION = YES;
				CLANG_WARN_OBJC_IMPLICIT_RETAIN_SELF = YES;
				CLANG_WARN_OBJC_LITERAL_CONVERSION = YES;
				CLANG_WARN_OBJC_ROOT_CLASS = YES_ERROR;
				CLANG_WARN_QUOTED_INCLUDE_IN_FRAMEWORK_HEADER = YES;
				CLANG_WARN_RANGE_LOOP_ANALYSIS = YES;
				CLANG_WARN_STRICT_PROTOTYPES = YES;
				CLANG_WARN_SUSPICIOUS_MOVE = YES;
				CLANG_WARN_UNGUARDED_AVAILABILITY = YES_AGGRESSIVE;
				CLANG_WARN_UNREACHABLE_CODE = YES;
				CLANG_WARN__DUPLICATE_METHOD_MATCH = YES;
				CODE_SIGN_STYLE = Automatic;
				COPY_PHASE_STRIP = NO;
				CURRENT_PROJECT_VERSION = 1;
				DEBUG_INFORMATION_FORMAT = dwarf;
				DEVELOPMENT_TEAM = 28HN686K66;
				ENABLE_STRICT_OBJC_MSGSEND = YES;
				ENABLE_TESTABILITY = YES;
				ENABLE_USER_SCRIPT_SANDBOXING = YES;
				GCC_C_LANGUAGE_STANDARD = gnu11;
				GCC_DYNAMIC_NO_PIC = NO;
				GCC_NO_COMMON_BLOCKS = YES;
				GCC_OPTIMIZATION_LEVEL = 0;
				GCC_PREPROCESSOR_DEFINITIONS = (
					"$(inherited)",
					"DEBUG=1",
				);
				GCC_WARN_64_TO_32_BIT_CONVERSION = YES;
				GCC_WARN_ABOUT_RETURN_TYPE = YES_ERROR;
				GCC_WARN_UNDECLARED_SELECTOR = YES;
				GCC_WARN_UNINITIALIZED_AUTOS = YES_AGGRESSIVE;
				GCC_WARN_UNUSED_FUNCTION = YES;
				GCC_WARN_UNUSED_VARIABLE = YES;
				IPHONEOS_DEPLOYMENT_TARGET = 17.0;
				MARKETING_VERSION = 1.0.0;
				MTL_ENABLE_DEBUG_INFO = INCLUDE_SOURCE;
				MTL_FAST_MATH = YES;
				ONLY_ACTIVE_ARCH = YES;
				PRODUCT_NAME = "$(TARGET_NAME)";
				SDKROOT = iphoneos;
				SWIFT_ACTIVE_COMPILATION_CONDITIONS = DEBUG;
				SWIFT_OPTIMIZATION_LEVEL = "-Onone";
				SWIFT_STRICT_CONCURRENCY = minimal;
				SWIFT_VERSION = 5.9;
			};
			name = Debug;
		};
		E8D98B55751C9457A7F1FA25 /* Debug */ = {
			isa = XCBuildConfiguration;
			buildSettings = {
				BUNDLE_LOADER = "$(TEST_HOST)";
				GENERATE_INFOPLIST_FILE = YES;
				LD_RUNPATH_SEARCH_PATHS = (
					"$(inherited)",
					"@executable_path/Frameworks",
					"@loader_path/Frameworks",
				);
				PRODUCT_BUNDLE_IDENTIFIER = com.ios.anchoredbibleapp.AnchoredAppClipTests;
				SDKROOT = iphoneos;
				TARGETED_DEVICE_FAMILY = "1,2";
				TEST_HOST = "$(BUILT_PRODUCTS_DIR)/AnchoredAppClip.app/AnchoredAppClip";
			};
			name = Debug;
		};
		F4C291846DD90CFF50857A39 /* Debug */ = {
			isa = XCBuildConfiguration;
			buildSettings = {
				ASSETCATALOG_COMPILER_APPICON_NAME = AppIcon;
				ASSETCATALOG_COMPILER_GLOBAL_ACCENT_COLOR_NAME = AccentColor;
				CODE_SIGN_ENTITLEMENTS = Anchored/Anchored.entitlements;
				CODE_SIGN_IDENTITY = "iPhone Developer";
				GENERATE_INFOPLIST_FILE = YES;
				INFOPLIST_FILE = Anchored/Info.plist;
				INFOPLIST_KEY_CFBundleDisplayName = "Anchored - Learn the Bible";
				INFOPLIST_KEY_UILaunchScreen_Generation = YES;
				INFOPLIST_KEY_UIRequiresFullScreen = YES;
				INFOPLIST_KEY_UIStatusBarStyle = UIStatusBarStyleDefault;
				INFOPLIST_KEY_UISupportedInterfaceOrientations = UIInterfaceOrientationPortrait;
				"INFOPLIST_KEY_UISupportedInterfaceOrientations~ipad" = "UIInterfaceOrientationPortrait UIInterfaceOrientationPortraitUpsideDown UIInterfaceOrientationLandscapeLeft UIInterfaceOrientationLandscapeRight";
				LD_RUNPATH_SEARCH_PATHS = (
					"$(inherited)",
					"@executable_path/Frameworks",
				);
				PRODUCT_BUNDLE_IDENTIFIER = com.ios.anchoredbibleapp;
				SDKROOT = iphoneos;
				SUPPORTS_MACCATALYST = NO;
				TARGETED_DEVICE_FAMILY = "1,2";
			};
			name = Debug;
		};
/* End XCBuildConfiguration section */

/* Begin XCConfigurationList section */
		065ED09D738F7D5396324F4E /* Build configuration list for PBXNativeTarget "AnchoredAppClip" */ = {
			isa = XCConfigurationList;
			buildConfigurations = (
				5E7B257075708939B0478FE0 /* Debug */,
				331B3A36481A2148C29C3EFB /* Release */,
			);
			defaultConfigurationIsVisible = 0;
			defaultConfigurationName = Debug;
		};
		0D189381B55F0EB1553182D1 /* Build configuration list for PBXProject "Anchored" */ = {
			isa = XCConfigurationList;
			buildConfigurations = (
				D74E10E768A40F6B32051A39 /* Debug */,
				906E781E39F8B9267CAB9708 /* Release */,
			);
			defaultConfigurationIsVisible = 0;
			defaultConfigurationName = Debug;
		};
		68425B7E7DCF5EBBDDD34863 /* Build configuration list for PBXNativeTarget "Anchored" */ = {
			isa = XCConfigurationList;
			buildConfigurations = (
				F4C291846DD90CFF50857A39 /* Debug */,
				5F2C0874BEC39CC0EDA94A8B /* Release */,
			);
			defaultConfigurationIsVisible = 0;
			defaultConfigurationName = Debug;
		};
		6C7172A4FF8572EC6B1D2BA4 /* Build configuration list for PBXNativeTarget "AnchoredAppClipTests" */ = {
			isa = XCConfigurationList;
			buildConfigurations = (
				E8D98B55751C9457A7F1FA25 /* Debug */,
				0395D5FBCC6D474EDF1C14CA /* Release */,
			);
			defaultConfigurationIsVisible = 0;
			defaultConfigurationName = Debug;
		};
/* End XCConfigurationList section */
	};
	rootObject = FD84D49EF9D10B63AEDE9C76 /* Project object */;
}
